
Microsoft Visual Studio Solution File, Format Version 12.00
# Visual Studio 15
VisualStudioVersion = 15.0.28307.329
MinimumVisualStudioVersion = 10.0.40219.1
Project("{FAE04EC0-301F-11D3-BF4B-00C04F79EFBC}") = "найди пару", "найди пару\найди пару.csproj", "{EAE1FE32-F0BD-4B62-B334-007AB5C6BC69}"
EndProject
Global
	GlobalSection(SolutionConfigurationPlatforms) = preSolution
		Debug|Any CPU = Debug|Any CPU
		Release|Any CPU = Release|Any CPU
	EndGlobalSection
	GlobalSection(ProjectConfigurationPlatforms) = postSolution
		{EAE1FE32-F0BD-4B62-B334-007AB5C6BC69}.Debug|Any CPU.ActiveCfg = Debug|Any CPU
		{EAE1FE32-F0BD-4B62-B334-007AB5C6BC69}.Debug|Any CPU.Build.0 = Debug|Any CPU
		{EAE1FE32-F0BD-4B62-B334-007AB5C6BC69}.Release|Any CPU.ActiveCfg = Release|Any CPU
		{EAE1FE32-F0BD-4B62-B334-007AB5C6BC69}.Release|Any CPU.Build.0 = Release|Any CPU
	EndGlobalSection
	GlobalSection(SolutionProperties) = preSolution
		HideSolutionNode = FALSE
	EndGlobalSection
	GlobalSection(ExtensibilityGlobals) = postSolution
		SolutionGuid = {6B2E174B-6C6E-4ED5-BC20-9C619D4002E7}
	EndGlobalSection
EndGlobal
