
Microsoft Visual Studio Solution File, Format Version 12.00
# Visual Studio 15
VisualStudioVersion = 15.0.28307.329
MinimumVisualStudioVersion = 10.0.40219.1
Project("{FAE04EC0-301F-11D3-BF4B-00C04F79EFBC}") = "10.11", "10.11\10.11.csproj", "{9AF8BFFD-DCEE-456C-9D37-CA2855848E34}"
EndProject
Global
	GlobalSection(SolutionConfigurationPlatforms) = preSolution
		Debug|Any CPU = Debug|Any CPU
		Release|Any CPU = Release|Any CPU
	EndGlobalSection
	GlobalSection(ProjectConfigurationPlatforms) = postSolution
		{9AF8BFFD-DCEE-456C-9D37-CA2855848E34}.Debug|Any CPU.ActiveCfg = Debug|Any CPU
		{9AF8BFFD-DCEE-456C-9D37-CA2855848E34}.Debug|Any CPU.Build.0 = Debug|Any CPU
		{9AF8BFFD-DCEE-456C-9D37-CA2855848E34}.Release|Any CPU.ActiveCfg = Release|Any CPU
		{9AF8BFFD-DCEE-456C-9D37-CA2855848E34}.Release|Any CPU.Build.0 = Release|Any CPU
	EndGlobalSection
	GlobalSection(SolutionProperties) = preSolution
		HideSolutionNode = FALSE
	EndGlobalSection
	GlobalSection(ExtensibilityGlobals) = postSolution
		SolutionGuid = {3A2A5F2C-C2C7-4054-A239-D5C25DA0AFAB}
	EndGlobalSection
EndGlobal
